// !$*UTF8*$!
{
	archiveVersion = 1;
	classes = {
	};
	objectVersion = 51;
	objects = {

/* Begin PBXBuildFile section */
		0A13DCAD2552FCBC00B3E53F /* LoginViewController.swift in Sources */ = {isa = PBXBuildFile; fileRef = 0A13DCAC2552FCBC00B3E53F /* LoginViewController.swift */; };
		0A194BB3257FB2B700820837 /* CalendarCustomCell.swift in Sources */ = {isa = PBXBuildFile; fileRef = 0A194BB2257FB2B700820837 /* CalendarCustomCell.swift */; };
		0A1A578D2567A43C00562BE1 /* InformationViewController.swift in Sources */ = {isa = PBXBuildFile; fileRef = 0A1A578C2567A43C00562BE1 /* InformationViewController.swift */; };
		0A1A579D2567E10400562BE1 /* InfoCustomCell.swift in Sources */ = {isa = PBXBuildFile; fileRef = 0A1A579C2567E10400562BE1 /* InfoCustomCell.swift */; };
		0A361F4D25B2E54800EB27A0 /* logo1.png in Resources */ = {isa = PBXBuildFile; fileRef = 0A361F4C25B2E54800EB27A0 /* logo1.png */; };
		0A361F5025B2E6A900EB27A0 /* logo2.png in Resources */ = {isa = PBXBuildFile; fileRef = 0A361F4F25B2E6A900EB27A0 /* logo2.png */; };
		0A361F5325B2E6B300EB27A0 /* logo3.png in Resources */ = {isa = PBXBuildFile; fileRef = 0A361F5225B2E6B300EB27A0 /* logo3.png */; };
		0A3A931325A06AF90015C43D /* PublicMoneyViewController.swift in Sources */ = {isa = PBXBuildFile; fileRef = 0A3A931225A06AF90015C43D /* PublicMoneyViewController.swift */; };
		0A3A931725A07E530015C43D /* PublicMoneyWriteViewController.swift in Sources */ = {isa = PBXBuildFile; fileRef = 0A3A931625A07E530015C43D /* PublicMoneyWriteViewController.swift */; };
		0A3CC3A92555009D00AEACF9 /* SignUpViewController.swift in Sources */ = {isa = PBXBuildFile; fileRef = 0A3CC3A82555009D00AEACF9 /* SignUpViewController.swift */; };
		0A4A64F525CC338A004781A0 /* AdminUserListViewController.swift in Sources */ = {isa = PBXBuildFile; fileRef = 0A4A64F425CC338A004781A0 /* AdminUserListViewController.swift */; };
		0A4A64F825CC340C004781A0 /* AdminUserListCustomCell.swift in Sources */ = {isa = PBXBuildFile; fileRef = 0A4A64F725CC340C004781A0 /* AdminUserListCustomCell.swift */; };
		0A4A64FB25CC40B1004781A0 /* AdminUserInfoDetailViewController.swift in Sources */ = {isa = PBXBuildFile; fileRef = 0A4A64FA25CC40B1004781A0 /* AdminUserInfoDetailViewController.swift */; };
		0A4E5BBB25B6FDF1006193F3 /* PublicMoneyDetailViewController.swift in Sources */ = {isa = PBXBuildFile; fileRef = 0A4E5BBA25B6FDF1006193F3 /* PublicMoneyDetailViewController.swift */; };
		0A5DAB5825CA691200C757FF /* AdminViewController.swift in Sources */ = {isa = PBXBuildFile; fileRef = 0A5DAB5725CA691200C757FF /* AdminViewController.swift */; };
		0A5DAB5B25CA780900C757FF /* AdminCustomCell.swift in Sources */ = {isa = PBXBuildFile; fileRef = 0A5DAB5A25CA780900C757FF /* AdminCustomCell.swift */; };
		0A5DAB5E25CA783E00C757FF /* MypageWarningListCustomCell.swift in Sources */ = {isa = PBXBuildFile; fileRef = 0A5DAB5D25CA783E00C757FF /* MypageWarningListCustomCell.swift */; };
		0A65111F25CEAF6F00072CDE /* AdminWarningDetailViewController.swift in Sources */ = {isa = PBXBuildFile; fileRef = 0A65111E25CEAF6F00072CDE /* AdminWarningDetailViewController.swift */; };
		0A7279E425BE820F0092C551 /* MypageCollectionCustomCell.swift in Sources */ = {isa = PBXBuildFile; fileRef = 0A7279E325BE820F0092C551 /* MypageCollectionCustomCell.swift */; };
		0A7279EB25BEAF650092C551 /* MypageTableCustomCell.swift in Sources */ = {isa = PBXBuildFile; fileRef = 0A7279EA25BEAF650092C551 /* MypageTableCustomCell.swift */; };
		0A744D8F255E7CBB00FFC5F7 /* CalendarWriteViewController.swift in Sources */ = {isa = PBXBuildFile; fileRef = 0A744D8E255E7CBB00FFC5F7 /* CalendarWriteViewController.swift */; };
		0A7A68EE2551473100DD3BC9 /* AppDelegate.swift in Sources */ = {isa = PBXBuildFile; fileRef = 0A7A68ED2551473100DD3BC9 /* AppDelegate.swift */; };
		0A7A68F02551473100DD3BC9 /* SceneDelegate.swift in Sources */ = {isa = PBXBuildFile; fileRef = 0A7A68EF2551473100DD3BC9 /* SceneDelegate.swift */; };
		0A7A68F52551473100DD3BC9 /* Main.storyboard in Resources */ = {isa = PBXBuildFile; fileRef = 0A7A68F32551473100DD3BC9 /* Main.storyboard */; };
		0A7A68F72551473200DD3BC9 /* Assets.xcassets in Resources */ = {isa = PBXBuildFile; fileRef = 0A7A68F62551473200DD3BC9 /* Assets.xcassets */; };
		0A7A68FA2551473200DD3BC9 /* LaunchScreen.storyboard in Resources */ = {isa = PBXBuildFile; fileRef = 0A7A68F82551473200DD3BC9 /* LaunchScreen.storyboard */; };
		0A98D52125559DE400E4BF66 /* Constants.swift in Sources */ = {isa = PBXBuildFile; fileRef = 0A98D52025559DE400E4BF66 /* Constants.swift */; };
		0AA00FDD25C02802004122F5 /* MypageChangePasswordViewController.swift in Sources */ = {isa = PBXBuildFile; fileRef = 0AA00FDC25C02802004122F5 /* MypageChangePasswordViewController.swift */; };
		0AA00FE125C02838004122F5 /* MypageUserInfoViewController.swift in Sources */ = {isa = PBXBuildFile; fileRef = 0AA00FE025C02838004122F5 /* MypageUserInfoViewController.swift */; };
		0AA73699258F25A800CD6314 /* InformationWriteViewController.swift in Sources */ = {isa = PBXBuildFile; fileRef = 0AA73698258F25A800CD6314 /* InformationWriteViewController.swift */; };
		0AA7369D258F5EAE00CD6314 /* InformationDetailViewController.swift in Sources */ = {isa = PBXBuildFile; fileRef = 0AA7369C258F5EAE00CD6314 /* InformationDetailViewController.swift */; };
		0ABF3481258B9AA300919E1F /* CalendarDetailViewController.swift in Sources */ = {isa = PBXBuildFile; fileRef = 0ABF3480258B9AA300919E1F /* CalendarDetailViewController.swift */; };
		0ABF9B9D25C151A50015B788 /* MypageWrittenInfoViewController.swift in Sources */ = {isa = PBXBuildFile; fileRef = 0ABF9B9C25C151A50015B788 /* MypageWrittenInfoViewController.swift */; };
		0ABF9BA025C151B60015B788 /* MypageWrittenCalendarViewController.swift in Sources */ = {isa = PBXBuildFile; fileRef = 0ABF9B9F25C151B60015B788 /* MypageWrittenCalendarViewController.swift */; };
		0ABF9BA325C1546D0015B788 /* MypageWarningListViewController.swift in Sources */ = {isa = PBXBuildFile; fileRef = 0ABF9BA225C1546D0015B788 /* MypageWarningListViewController.swift */; };
		0ABFF950256B9FAA007FD690 /* GoogleService-Info.plist in Resources */ = {isa = PBXBuildFile; fileRef = 0ABFF94F256B9FAA007FD690 /* GoogleService-Info.plist */; };
		0AC41B9125B46F2A00968B9B /* MypageViewController.swift in Sources */ = {isa = PBXBuildFile; fileRef = 0AC41B9025B46F2A00968B9B /* MypageViewController.swift */; };
		0AC41B9525B47A6200968B9B /* HomeCalendarCustomCell.swift in Sources */ = {isa = PBXBuildFile; fileRef = 0AC41B9425B47A6200968B9B /* HomeCalendarCustomCell.swift */; };
		0AD493D82557F48700BA552E /* HomeViewController.swift in Sources */ = {isa = PBXBuildFile; fileRef = 0AD493D72557F48700BA552E /* HomeViewController.swift */; };
		0AD493DD2558267C00BA552E /* CalendarViewController.swift in Sources */ = {isa = PBXBuildFile; fileRef = 0AD493DC2558267C00BA552E /* CalendarViewController.swift */; };
		0ADA090025C3FDB200A28D73 /* MypageInfoListCustomCell.swift in Sources */ = {isa = PBXBuildFile; fileRef = 0ADA08FF25C3FDB200A28D73 /* MypageInfoListCustomCell.swift */; };
		0ADA090725C41C9000A28D73 /* MypageCalendarListCustomCell.swift in Sources */ = {isa = PBXBuildFile; fileRef = 0ADA090625C41C9000A28D73 /* MypageCalendarListCustomCell.swift */; };
		0ADB319625A5D9B3009812B0 /* PublicMoneyCustomCell.swift in Sources */ = {isa = PBXBuildFile; fileRef = 0ADB319525A5D9B3009812B0 /* PublicMoneyCustomCell.swift */; };
		0AE4031925CD8A1700422A1D /* AdminWarningListViewController.swift in Sources */ = {isa = PBXBuildFile; fileRef = 0AE4031825CD8A1700422A1D /* AdminWarningListViewController.swift */; };
		0AE4031C25CD8C5800422A1D /* AdminWarningWriteViewController.swift in Sources */ = {isa = PBXBuildFile; fileRef = 0AE4031B25CD8C5800422A1D /* AdminWarningWriteViewController.swift */; };
		0AE4031F25CD8D7F00422A1D /* AdminWarningListCustomCell.swift in Sources */ = {isa = PBXBuildFile; fileRef = 0AE4031E25CD8D7F00422A1D /* AdminWarningListCustomCell.swift */; };
		FF3A89ADAD5306D7E7CD1449 /* Pods_ikeeperApp.framework in Frameworks */ = {isa = PBXBuildFile; fileRef = 8029E19F27DBDCB5C375ED7D /* Pods_ikeeperApp.framework */; };
/* End PBXBuildFile section */

/* Begin PBXFileReference section */
		03D03C47217AB69227AB4B49 /* Pods-ikeeperApp.release.xcconfig */ = {isa = PBXFileReference; includeInIndex = 1; lastKnownFileType = text.xcconfig; name = "Pods-ikeeperApp.release.xcconfig"; path = "Target Support Files/Pods-ikeeperApp/Pods-ikeeperApp.release.xcconfig"; sourceTree = "<group>"; };
		0A13DCAC2552FCBC00B3E53F /* LoginViewController.swift */ = {isa = PBXFileReference; lastKnownFileType = sourcecode.swift; path = LoginViewController.swift; sourceTree = "<group>"; };
		0A194BB2257FB2B700820837 /* CalendarCustomCell.swift */ = {isa = PBXFileReference; lastKnownFileType = sourcecode.swift; path = CalendarCustomCell.swift; sourceTree = "<group>"; };
		0A1A578C2567A43C00562BE1 /* InformationViewController.swift */ = {isa = PBXFileReference; lastKnownFileType = sourcecode.swift; path = InformationViewController.swift; sourceTree = "<group>"; };
		0A1A579C2567E10400562BE1 /* InfoCustomCell.swift */ = {isa = PBXFileReference; lastKnownFileType = sourcecode.swift; path = InfoCustomCell.swift; sourceTree = "<group>"; };
		0A361F4C25B2E54800EB27A0 /* logo1.png */ = {isa = PBXFileReference; lastKnownFileType = image.png; path = logo1.png; sourceTree = "<group>"; };
		0A361F4F25B2E6A900EB27A0 /* logo2.png */ = {isa = PBXFileReference; lastKnownFileType = image.png; path = logo2.png; sourceTree = "<group>"; };
		0A361F5225B2E6B300EB27A0 /* logo3.png */ = {isa = PBXFileReference; lastKnownFileType = image.png; path = logo3.png; sourceTree = "<group>"; };
		0A3A931225A06AF90015C43D /* PublicMoneyViewController.swift */ = {isa = PBXFileReference; lastKnownFileType = sourcecode.swift; path = PublicMoneyViewController.swift; sourceTree = "<group>"; };
		0A3A931625A07E530015C43D /* PublicMoneyWriteViewController.swift */ = {isa = PBXFileReference; lastKnownFileType = sourcecode.swift; path = PublicMoneyWriteViewController.swift; sourceTree = "<group>"; };
		0A3CC3A82555009D00AEACF9 /* SignUpViewController.swift */ = {isa = PBXFileReference; lastKnownFileType = sourcecode.swift; path = SignUpViewController.swift; sourceTree = "<group>"; };
		0A4A64F425CC338A004781A0 /* AdminUserListViewController.swift */ = {isa = PBXFileReference; lastKnownFileType = sourcecode.swift; path = AdminUserListViewController.swift; sourceTree = "<group>"; };
		0A4A64F725CC340C004781A0 /* AdminUserListCustomCell.swift */ = {isa = PBXFileReference; lastKnownFileType = sourcecode.swift; path = AdminUserListCustomCell.swift; sourceTree = "<group>"; };
		0A4A64FA25CC40B1004781A0 /* AdminUserInfoDetailViewController.swift */ = {isa = PBXFileReference; lastKnownFileType = sourcecode.swift; path = AdminUserInfoDetailViewController.swift; sourceTree = "<group>"; };
		0A4E5BBA25B6FDF1006193F3 /* PublicMoneyDetailViewController.swift */ = {isa = PBXFileReference; lastKnownFileType = sourcecode.swift; path = PublicMoneyDetailViewController.swift; sourceTree = "<group>"; };
		0A5DAB5725CA691200C757FF /* AdminViewController.swift */ = {isa = PBXFileReference; lastKnownFileType = sourcecode.swift; path = AdminViewController.swift; sourceTree = "<group>"; };
		0A5DAB5A25CA780900C757FF /* AdminCustomCell.swift */ = {isa = PBXFileReference; lastKnownFileType = sourcecode.swift; path = AdminCustomCell.swift; sourceTree = "<group>"; };
		0A5DAB5D25CA783E00C757FF /* MypageWarningListCustomCell.swift */ = {isa = PBXFileReference; lastKnownFileType = sourcecode.swift; path = MypageWarningListCustomCell.swift; sourceTree = "<group>"; };
		0A65111E25CEAF6F00072CDE /* AdminWarningDetailViewController.swift */ = {isa = PBXFileReference; lastKnownFileType = sourcecode.swift; path = AdminWarningDetailViewController.swift; sourceTree = "<group>"; };
		0A7279E325BE820F0092C551 /* MypageCollectionCustomCell.swift */ = {isa = PBXFileReference; lastKnownFileType = sourcecode.swift; path = MypageCollectionCustomCell.swift; sourceTree = "<group>"; };
		0A7279EA25BEAF650092C551 /* MypageTableCustomCell.swift */ = {isa = PBXFileReference; lastKnownFileType = sourcecode.swift; path = MypageTableCustomCell.swift; sourceTree = "<group>"; };
		0A744D8E255E7CBB00FFC5F7 /* CalendarWriteViewController.swift */ = {isa = PBXFileReference; lastKnownFileType = sourcecode.swift; path = CalendarWriteViewController.swift; sourceTree = "<group>"; };
		0A7A68EA2551473100DD3BC9 /* ikeeperApp.app */ = {isa = PBXFileReference; explicitFileType = wrapper.application; includeInIndex = 0; path = ikeeperApp.app; sourceTree = BUILT_PRODUCTS_DIR; };
		0A7A68ED2551473100DD3BC9 /* AppDelegate.swift */ = {isa = PBXFileReference; lastKnownFileType = sourcecode.swift; path = AppDelegate.swift; sourceTree = "<group>"; };
		0A7A68EF2551473100DD3BC9 /* SceneDelegate.swift */ = {isa = PBXFileReference; lastKnownFileType = sourcecode.swift; path = SceneDelegate.swift; sourceTree = "<group>"; };
		0A7A68F42551473100DD3BC9 /* Base */ = {isa = PBXFileReference; lastKnownFileType = file.storyboard; name = Base; path = Base.lproj/Main.storyboard; sourceTree = "<group>"; };
		0A7A68F62551473200DD3BC9 /* Assets.xcassets */ = {isa = PBXFileReference; lastKnownFileType = folder.assetcatalog; path = Assets.xcassets; sourceTree = "<group>"; };
		0A7A68F92551473200DD3BC9 /* Base */ = {isa = PBXFileReference; lastKnownFileType = file.storyboard; name = Base; path = Base.lproj/LaunchScreen.storyboard; sourceTree = "<group>"; };
		0A7A68FB2551473200DD3BC9 /* Info.plist */ = {isa = PBXFileReference; lastKnownFileType = text.plist.xml; path = Info.plist; sourceTree = "<group>"; };
		0A98D52025559DE400E4BF66 /* Constants.swift */ = {isa = PBXFileReference; lastKnownFileType = sourcecode.swift; path = Constants.swift; sourceTree = "<group>"; };
		0AA00FDC25C02802004122F5 /* MypageChangePasswordViewController.swift */ = {isa = PBXFileReference; lastKnownFileType = sourcecode.swift; path = MypageChangePasswordViewController.swift; sourceTree = "<group>"; };
		0AA00FE025C02838004122F5 /* MypageUserInfoViewController.swift */ = {isa = PBXFileReference; lastKnownFileType = sourcecode.swift; path = MypageUserInfoViewController.swift; sourceTree = "<group>"; };
		0AA73698258F25A800CD6314 /* InformationWriteViewController.swift */ = {isa = PBXFileReference; lastKnownFileType = sourcecode.swift; path = InformationWriteViewController.swift; sourceTree = "<group>"; };
		0AA7369C258F5EAE00CD6314 /* InformationDetailViewController.swift */ = {isa = PBXFileReference; lastKnownFileType = sourcecode.swift; path = InformationDetailViewController.swift; sourceTree = "<group>"; };
		0ABF3480258B9AA300919E1F /* CalendarDetailViewController.swift */ = {isa = PBXFileReference; lastKnownFileType = sourcecode.swift; path = CalendarDetailViewController.swift; sourceTree = "<group>"; };
		0ABF9B9C25C151A50015B788 /* MypageWrittenInfoViewController.swift */ = {isa = PBXFileReference; lastKnownFileType = sourcecode.swift; path = MypageWrittenInfoViewController.swift; sourceTree = "<group>"; };
		0ABF9B9F25C151B60015B788 /* MypageWrittenCalendarViewController.swift */ = {isa = PBXFileReference; lastKnownFileType = sourcecode.swift; path = MypageWrittenCalendarViewController.swift; sourceTree = "<group>"; };
		0ABF9BA225C1546D0015B788 /* MypageWarningListViewController.swift */ = {isa = PBXFileReference; lastKnownFileType = sourcecode.swift; path = MypageWarningListViewController.swift; sourceTree = "<group>"; };
		0ABFF94F256B9FAA007FD690 /* GoogleService-Info.plist */ = {isa = PBXFileReference; fileEncoding = 4; lastKnownFileType = text.plist.xml; name = "GoogleService-Info.plist"; path = "../../../GoogleService-Info.plist"; sourceTree = "<group>"; };
		0AC41B9025B46F2A00968B9B /* MypageViewController.swift */ = {isa = PBXFileReference; lastKnownFileType = sourcecode.swift; path = MypageViewController.swift; sourceTree = "<group>"; };
		0AC41B9425B47A6200968B9B /* HomeCalendarCustomCell.swift */ = {isa = PBXFileReference; lastKnownFileType = sourcecode.swift; path = HomeCalendarCustomCell.swift; sourceTree = "<group>"; };
		0AD493D72557F48700BA552E /* HomeViewController.swift */ = {isa = PBXFileReference; lastKnownFileType = sourcecode.swift; path = HomeViewController.swift; sourceTree = "<group>"; };
		0AD493DC2558267C00BA552E /* CalendarViewController.swift */ = {isa = PBXFileReference; lastKnownFileType = sourcecode.swift; path = CalendarViewController.swift; sourceTree = "<group>"; };
		0ADA08FF25C3FDB200A28D73 /* MypageInfoListCustomCell.swift */ = {isa = PBXFileReference; lastKnownFileType = sourcecode.swift; path = MypageInfoListCustomCell.swift; sourceTree = "<group>"; };
		0ADA090625C41C9000A28D73 /* MypageCalendarListCustomCell.swift */ = {isa = PBXFileReference; lastKnownFileType = sourcecode.swift; path = MypageCalendarListCustomCell.swift; sourceTree = "<group>"; };
		0ADB319525A5D9B3009812B0 /* PublicMoneyCustomCell.swift */ = {isa = PBXFileReference; lastKnownFileType = sourcecode.swift; path = PublicMoneyCustomCell.swift; sourceTree = "<group>"; };
		0AE4031825CD8A1700422A1D /* AdminWarningListViewController.swift */ = {isa = PBXFileReference; lastKnownFileType = sourcecode.swift; path = AdminWarningListViewController.swift; sourceTree = "<group>"; };
		0AE4031B25CD8C5800422A1D /* AdminWarningWriteViewController.swift */ = {isa = PBXFileReference; lastKnownFileType = sourcecode.swift; path = AdminWarningWriteViewController.swift; sourceTree = "<group>"; };
		0AE4031E25CD8D7F00422A1D /* AdminWarningListCustomCell.swift */ = {isa = PBXFileReference; lastKnownFileType = sourcecode.swift; path = AdminWarningListCustomCell.swift; sourceTree = "<group>"; };
		8029E19F27DBDCB5C375ED7D /* Pods_ikeeperApp.framework */ = {isa = PBXFileReference; explicitFileType = wrapper.framework; includeInIndex = 0; path = Pods_ikeeperApp.framework; sourceTree = BUILT_PRODUCTS_DIR; };
		886F3A895E37B8AD54838270 /* Pods-ikeeperApp.debug.xcconfig */ = {isa = PBXFileReference; includeInIndex = 1; lastKnownFileType = text.xcconfig; name = "Pods-ikeeperApp.debug.xcconfig"; path = "Target Support Files/Pods-ikeeperApp/Pods-ikeeperApp.debug.xcconfig"; sourceTree = "<group>"; };
/* End PBXFileReference section */

/* Begin PBXFrameworksBuildPhase section */
		0A7A68E72551473100DD3BC9 /* Frameworks */ = {
			isa = PBXFrameworksBuildPhase;
			buildActionMask = 2147483647;
			files = (
				FF3A89ADAD5306D7E7CD1449 /* Pods_ikeeperApp.framework in Frameworks */,
			);
			runOnlyForDeploymentPostprocessing = 0;
		};
/* End PBXFrameworksBuildPhase section */

/* Begin PBXGroup section */
		0A3CC3B025557A7100AEACF9 /* View Controllers */ = {
			isa = PBXGroup;
			children = (
				0A3CC3A82555009D00AEACF9 /* SignUpViewController.swift */,
				0A13DCAC2552FCBC00B3E53F /* LoginViewController.swift */,
				0AD493D72557F48700BA552E /* HomeViewController.swift */,
				0AD493DC2558267C00BA552E /* CalendarViewController.swift */,
				0A744D8E255E7CBB00FFC5F7 /* CalendarWriteViewController.swift */,
				0ABF3480258B9AA300919E1F /* CalendarDetailViewController.swift */,
				0A1A578C2567A43C00562BE1 /* InformationViewController.swift */,
				0AA73698258F25A800CD6314 /* InformationWriteViewController.swift */,
				0AA7369C258F5EAE00CD6314 /* InformationDetailViewController.swift */,
				0A3A931225A06AF90015C43D /* PublicMoneyViewController.swift */,
				0A3A931625A07E530015C43D /* PublicMoneyWriteViewController.swift */,
				0A4E5BBA25B6FDF1006193F3 /* PublicMoneyDetailViewController.swift */,
				0AC41B9025B46F2A00968B9B /* MypageViewController.swift */,
				0ABF9B9C25C151A50015B788 /* MypageWrittenInfoViewController.swift */,
				0ABF9B9F25C151B60015B788 /* MypageWrittenCalendarViewController.swift */,
				0ABF9BA225C1546D0015B788 /* MypageWarningListViewController.swift */,
				0AA00FE025C02838004122F5 /* MypageUserInfoViewController.swift */,
				0AA00FDC25C02802004122F5 /* MypageChangePasswordViewController.swift */,
				0A5DAB5725CA691200C757FF /* AdminViewController.swift */,
				0A4A64F425CC338A004781A0 /* AdminUserListViewController.swift */,
				0A4A64FA25CC40B1004781A0 /* AdminUserInfoDetailViewController.swift */,
				0AE4031825CD8A1700422A1D /* AdminWarningListViewController.swift */,
				0AE4031B25CD8C5800422A1D /* AdminWarningWriteViewController.swift */,
				0A65111E25CEAF6F00072CDE /* AdminWarningDetailViewController.swift */,
			);
			path = "View Controllers";
			sourceTree = "<group>";
		};
		0A7A68E12551473100DD3BC9 = {
			isa = PBXGroup;
			children = (
				0A7A68EC2551473100DD3BC9 /* ikeeperApp */,
				0A7A68EB2551473100DD3BC9 /* Products */,
				4103AC61BCD35FD4E717B8ED /* Pods */,
				D39C8B9A180AC68CDF64ABB2 /* Frameworks */,
			);
			sourceTree = "<group>";
		};
		0A7A68EB2551473100DD3BC9 /* Products */ = {
			isa = PBXGroup;
			children = (
				0A7A68EA2551473100DD3BC9 /* ikeeperApp.app */,
			);
			name = Products;
			sourceTree = "<group>";
		};
		0A7A68EC2551473100DD3BC9 /* ikeeperApp */ = {
			isa = PBXGroup;
			children = (
				0A7A68ED2551473100DD3BC9 /* AppDelegate.swift */,
				0A7A68EF2551473100DD3BC9 /* SceneDelegate.swift */,
				0A98D51B25559D1C00E4BF66 /* Helpers */,
				0A3CC3B025557A7100AEACF9 /* View Controllers */,
				0A7A68F32551473100DD3BC9 /* Main.storyboard */,
				0A7A68F62551473200DD3BC9 /* Assets.xcassets */,
				0A7A68F82551473200DD3BC9 /* LaunchScreen.storyboard */,
				0A7A68FB2551473200DD3BC9 /* Info.plist */,
				0ABFF94F256B9FAA007FD690 /* GoogleService-Info.plist */,
				0A361F4C25B2E54800EB27A0 /* logo1.png */,
				0A361F4F25B2E6A900EB27A0 /* logo2.png */,
				0A361F5225B2E6B300EB27A0 /* logo3.png */,
			);
			path = ikeeperApp;
			sourceTree = "<group>";
		};
		0A98D51B25559D1C00E4BF66 /* Helpers */ = {
			isa = PBXGroup;
			children = (
				0A98D52025559DE400E4BF66 /* Constants.swift */,
				0A1A579C2567E10400562BE1 /* InfoCustomCell.swift */,
				0A194BB2257FB2B700820837 /* CalendarCustomCell.swift */,
				0ADB319525A5D9B3009812B0 /* PublicMoneyCustomCell.swift */,
				0AC41B9425B47A6200968B9B /* HomeCalendarCustomCell.swift */,
				0A7279E325BE820F0092C551 /* MypageCollectionCustomCell.swift */,
				0A7279EA25BEAF650092C551 /* MypageTableCustomCell.swift */,
				0ADA08FF25C3FDB200A28D73 /* MypageInfoListCustomCell.swift */,
				0ADA090625C41C9000A28D73 /* MypageCalendarListCustomCell.swift */,
				0A5DAB5D25CA783E00C757FF /* MypageWarningListCustomCell.swift */,
				0A5DAB5A25CA780900C757FF /* AdminCustomCell.swift */,
				0A4A64F725CC340C004781A0 /* AdminUserListCustomCell.swift */,
				0AE4031E25CD8D7F00422A1D /* AdminWarningListCustomCell.swift */,
			);
			path = Helpers;
			sourceTree = "<group>";
		};
		4103AC61BCD35FD4E717B8ED /* Pods */ = {
			isa = PBXGroup;
			children = (
				886F3A895E37B8AD54838270 /* Pods-ikeeperApp.debug.xcconfig */,
				03D03C47217AB69227AB4B49 /* Pods-ikeeperApp.release.xcconfig */,
			);
			path = Pods;
			sourceTree = "<group>";
		};
		D39C8B9A180AC68CDF64ABB2 /* Frameworks */ = {
			isa = PBXGroup;
			children = (
				8029E19F27DBDCB5C375ED7D /* Pods_ikeeperApp.framework */,
			);
			name = Frameworks;
			sourceTree = "<group>";
		};
/* End PBXGroup section */

/* Begin PBXNativeTarget section */
		0A7A68E92551473100DD3BC9 /* ikeeperApp */ = {
			isa = PBXNativeTarget;
			buildConfigurationList = 0A7A68FE2551473200DD3BC9 /* Build configuration list for PBXNativeTarget "ikeeperApp" */;
			buildPhases = (
				7B23DA1C5D76A44CBDB4DB87 /* [CP] Check Pods Manifest.lock */,
				0A7A68E62551473100DD3BC9 /* Sources */,
				0A7A68E72551473100DD3BC9 /* Frameworks */,
				0A7A68E82551473100DD3BC9 /* Resources */,
				5A9379CA3305A3CB9A126ED1 /* [CP] Embed Pods Frameworks */,
			);
			buildRules = (
			);
			dependencies = (
			);
			name = ikeeperApp;
			productName = ikeeperApp;
			productReference = 0A7A68EA2551473100DD3BC9 /* ikeeperApp.app */;
			productType = "com.apple.product-type.application";
		};
/* End PBXNativeTarget section */

/* Begin PBXProject section */
		0A7A68E22551473100DD3BC9 /* Project object */ = {
			isa = PBXProject;
			attributes = {
				LastSwiftUpdateCheck = 1200;
				LastUpgradeCheck = 1200;
				TargetAttributes = {
					0A7A68E92551473100DD3BC9 = {
						CreatedOnToolsVersion = 12.0.1;
					};
				};
			};
			buildConfigurationList = 0A7A68E52551473100DD3BC9 /* Build configuration list for PBXProject "ikeeperApp" */;
			compatibilityVersion = "Xcode 9.3";
			developmentRegion = en;
			hasScannedForEncodings = 0;
			knownRegions = (
				en,
				Base,
			);
			mainGroup = 0A7A68E12551473100DD3BC9;
			productRefGroup = 0A7A68EB2551473100DD3BC9 /* Products */;
			projectDirPath = "";
			projectRoot = "";
			targets = (
				0A7A68E92551473100DD3BC9 /* ikeeperApp */,
			);
		};
/* End PBXProject section */

/* Begin PBXResourcesBuildPhase section */
		0A7A68E82551473100DD3BC9 /* Resources */ = {
			isa = PBXResourcesBuildPhase;
			buildActionMask = 2147483647;
			files = (
				0A361F5325B2E6B300EB27A0 /* logo3.png in Resources */,
				0A7A68FA2551473200DD3BC9 /* LaunchScreen.storyboard in Resources */,
				0A361F5025B2E6A900EB27A0 /* logo2.png in Resources */,
				0ABFF950256B9FAA007FD690 /* GoogleService-Info.plist in Resources */,
				0A7A68F72551473200DD3BC9 /* Assets.xcassets in Resources */,
				0A361F4D25B2E54800EB27A0 /* logo1.png in Resources */,
				0A7A68F52551473100DD3BC9 /* Main.storyboard in Resources */,
			);
			runOnlyForDeploymentPostprocessing = 0;
		};
/* End PBXResourcesBuildPhase section */

/* Begin PBXShellScriptBuildPhase section */
		5A9379CA3305A3CB9A126ED1 /* [CP] Embed Pods Frameworks */ = {
			isa = PBXShellScriptBuildPhase;
			buildActionMask = 2147483647;
			files = (
			);
			inputFileListPaths = (
				"${PODS_ROOT}/Target Support Files/Pods-ikeeperApp/Pods-ikeeperApp-frameworks-${CONFIGURATION}-input-files.xcfilelist",
			);
			name = "[CP] Embed Pods Frameworks";
			outputFileListPaths = (
				"${PODS_ROOT}/Target Support Files/Pods-ikeeperApp/Pods-ikeeperApp-frameworks-${CONFIGURATION}-output-files.xcfilelist",
			);
			runOnlyForDeploymentPostprocessing = 0;
			shellPath = /bin/sh;
			shellScript = "\"${PODS_ROOT}/Target Support Files/Pods-ikeeperApp/Pods-ikeeperApp-frameworks.sh\"\n";
			showEnvVarsInLog = 0;
		};
		7B23DA1C5D76A44CBDB4DB87 /* [CP] Check Pods Manifest.lock */ = {
			isa = PBXShellScriptBuildPhase;
			buildActionMask = 2147483647;
			files = (
			);
			inputFileListPaths = (
			);
			inputPaths = (
				"${PODS_PODFILE_DIR_PATH}/Podfile.lock",
				"${PODS_ROOT}/Manifest.lock",
			);
			name = "[CP] Check Pods Manifest.lock";
			outputFileListPaths = (
			);
			outputPaths = (
				"$(DERIVED_FILE_DIR)/Pods-ikeeperApp-checkManifestLockResult.txt",
			);
			runOnlyForDeploymentPostprocessing = 0;
			shellPath = /bin/sh;
			shellScript = "diff \"${PODS_PODFILE_DIR_PATH}/Podfile.lock\" \"${PODS_ROOT}/Manifest.lock\" > /dev/null\nif [ $? != 0 ] ; then\n    # print error to STDERR\n    echo \"error: The sandbox is not in sync with the Podfile.lock. Run 'pod install' or update your CocoaPods installation.\" >&2\n    exit 1\nfi\n# This output is used by Xcode 'outputs' to avoid re-running this script phase.\necho \"SUCCESS\" > \"${SCRIPT_OUTPUT_FILE_0}\"\n";
			showEnvVarsInLog = 0;
		};
/* End PBXShellScriptBuildPhase section */

/* Begin PBXSourcesBuildPhase section */
		0A7A68E62551473100DD3BC9 /* Sources */ = {
			isa = PBXSourcesBuildPhase;
			buildActionMask = 2147483647;
			files = (
				0A7279EB25BEAF650092C551 /* MypageTableCustomCell.swift in Sources */,
				0A3A931325A06AF90015C43D /* PublicMoneyViewController.swift in Sources */,
				0AC41B9125B46F2A00968B9B /* MypageViewController.swift in Sources */,
				0A5DAB5B25CA780900C757FF /* AdminCustomCell.swift in Sources */,
				0A5DAB5E25CA783E00C757FF /* MypageWarningListCustomCell.swift in Sources */,
				0A194BB3257FB2B700820837 /* CalendarCustomCell.swift in Sources */,
				0AE4031F25CD8D7F00422A1D /* AdminWarningListCustomCell.swift in Sources */,
				0AD493DD2558267C00BA552E /* CalendarViewController.swift in Sources */,
				0ABF9BA025C151B60015B788 /* MypageWrittenCalendarViewController.swift in Sources */,
				0A13DCAD2552FCBC00B3E53F /* LoginViewController.swift in Sources */,
				0AC41B9525B47A6200968B9B /* HomeCalendarCustomCell.swift in Sources */,
				0A3A931725A07E530015C43D /* PublicMoneyWriteViewController.swift in Sources */,
				0A7A68EE2551473100DD3BC9 /* AppDelegate.swift in Sources */,
				0A7A68F02551473100DD3BC9 /* SceneDelegate.swift in Sources */,
				0AE4031925CD8A1700422A1D /* AdminWarningListViewController.swift in Sources */,
				0A4A64FB25CC40B1004781A0 /* AdminUserInfoDetailViewController.swift in Sources */,
				0ADA090025C3FDB200A28D73 /* MypageInfoListCustomCell.swift in Sources */,
				0ABF9B9D25C151A50015B788 /* MypageWrittenInfoViewController.swift in Sources */,
				0AA00FE125C02838004122F5 /* MypageUserInfoViewController.swift in Sources */,
				0AE4031C25CD8C5800422A1D /* AdminWarningWriteViewController.swift in Sources */,
				0A98D52125559DE400E4BF66 /* Constants.swift in Sources */,
				0AA73699258F25A800CD6314 /* InformationWriteViewController.swift in Sources */,
				0AD493D82557F48700BA552E /* HomeViewController.swift in Sources */,
				0AA00FDD25C02802004122F5 /* MypageChangePasswordViewController.swift in Sources */,
				0A5DAB5825CA691200C757FF /* AdminViewController.swift in Sources */,
				0A3CC3A92555009D00AEACF9 /* SignUpViewController.swift in Sources */,
				0A4E5BBB25B6FDF1006193F3 /* PublicMoneyDetailViewController.swift in Sources */,
				0A7279E425BE820F0092C551 /* MypageCollectionCustomCell.swift in Sources */,
				0A1A579D2567E10400562BE1 /* InfoCustomCell.swift in Sources */,
				0A65111F25CEAF6F00072CDE /* AdminWarningDetailViewController.swift in Sources */,
				0A744D8F255E7CBB00FFC5F7 /* CalendarWriteViewController.swift in Sources */,
				0ABF3481258B9AA300919E1F /* CalendarDetailViewController.swift in Sources */,
				0A4A64F825CC340C004781A0 /* AdminUserListCustomCell.swift in Sources */,
				0ADA090725C41C9000A28D73 /* MypageCalendarListCustomCell.swift in Sources */,
				0A1A578D2567A43C00562BE1 /* InformationViewController.swift in Sources */,
				0A4A64F525CC338A004781A0 /* AdminUserListViewController.swift in Sources */,
				0ADB319625A5D9B3009812B0 /* PublicMoneyCustomCell.swift in Sources */,
				0AA7369D258F5EAE00CD6314 /* InformationDetailViewController.swift in Sources */,
				0ABF9BA325C1546D0015B788 /* MypageWarningListViewController.swift in Sources */,
			);
			runOnlyForDeploymentPostprocessing = 0;
		};
/* End PBXSourcesBuildPhase section */

/* Begin PBXVariantGroup section */
		0A7A68F32551473100DD3BC9 /* Main.storyboard */ = {
			isa = PBXVariantGroup;
			children = (
				0A7A68F42551473100DD3BC9 /* Base */,
			);
			name = Main.storyboard;
			sourceTree = "<group>";
		};
		0A7A68F82551473200DD3BC9 /* LaunchScreen.storyboard */ = {
			isa = PBXVariantGroup;
			children = (
				0A7A68F92551473200DD3BC9 /* Base */,
			);
			name = LaunchScreen.storyboard;
			sourceTree = "<group>";
		};
/* End PBXVariantGroup section */

/* Begin XCBuildConfiguration section */
		0A7A68FC2551473200DD3BC9 /* Debug */ = {
			isa = XCBuildConfiguration;
			buildSettings = {
				ALWAYS_SEARCH_USER_PATHS = NO;
				CLANG_ANALYZER_NONNULL = YES;
				CLANG_ANALYZER_NUMBER_OBJECT_CONVERSION = YES_AGGRESSIVE;
				CLANG_CXX_LANGUAGE_STANDARD = "gnu++14";
				CLANG_CXX_LIBRARY = "libc++";
				CLANG_ENABLE_MODULES = YES;
				CLANG_ENABLE_OBJC_ARC = YES;
				CLANG_ENABLE_OBJC_WEAK = YES;
				CLANG_WARN_BLOCK_CAPTURE_AUTORELEASING = YES;
				CLANG_WARN_BOOL_CONVERSION = YES;
				CLANG_WARN_COMMA = YES;
				CLANG_WARN_CONSTANT_CONVERSION = YES;
				CLANG_WARN_DEPRECATED_OBJC_IMPLEMENTATIONS = YES;
				CLANG_WARN_DIRECT_OBJC_ISA_USAGE = YES_ERROR;
				CLANG_WARN_DOCUMENTATION_COMMENTS = YES;
				CLANG_WARN_EMPTY_BODY = YES;
				CLANG_WARN_ENUM_CONVERSION = YES;
				CLANG_WARN_INFINITE_RECURSION = YES;
				CLANG_WARN_INT_CONVERSION = YES;
				CLANG_WARN_NON_LITERAL_NULL_CONVERSION = YES;
				CLANG_WARN_OBJC_IMPLICIT_RETAIN_SELF = YES;
				CLANG_WARN_OBJC_LITERAL_CONVERSION = YES;
				CLANG_WARN_OBJC_ROOT_CLASS = YES_ERROR;
				CLANG_WARN_QUOTED_INCLUDE_IN_FRAMEWORK_HEADER = YES;
				CLANG_WARN_RANGE_LOOP_ANALYSIS = YES;
				CLANG_WARN_STRICT_PROTOTYPES = YES;
				CLANG_WARN_SUSPICIOUS_MOVE = YES;
				CLANG_WARN_UNGUARDED_AVAILABILITY = YES_AGGRESSIVE;
				CLANG_WARN_UNREACHABLE_CODE = YES;
				CLANG_WARN__DUPLICATE_METHOD_MATCH = YES;
				COPY_PHASE_STRIP = NO;
				DEBUG_INFORMATION_FORMAT = dwarf;
				ENABLE_STRICT_OBJC_MSGSEND = YES;
				ENABLE_TESTABILITY = YES;
				GCC_C_LANGUAGE_STANDARD = gnu11;
				GCC_DYNAMIC_NO_PIC = NO;
				GCC_NO_COMMON_BLOCKS = YES;
				GCC_OPTIMIZATION_LEVEL = 0;
				GCC_PREPROCESSOR_DEFINITIONS = (
					"DEBUG=1",
					"$(inherited)",
				);
				GCC_WARN_64_TO_32_BIT_CONVERSION = YES;
				GCC_WARN_ABOUT_RETURN_TYPE = YES_ERROR;
				GCC_WARN_UNDECLARED_SELECTOR = YES;
				GCC_WARN_UNINITIALIZED_AUTOS = YES_AGGRESSIVE;
				GCC_WARN_UNUSED_FUNCTION = YES;
				GCC_WARN_UNUSED_VARIABLE = YES;
				IPHONEOS_DEPLOYMENT_TARGET = 14.0;
				MTL_ENABLE_DEBUG_INFO = INCLUDE_SOURCE;
				MTL_FAST_MATH = YES;
				ONLY_ACTIVE_ARCH = YES;
				SDKROOT = iphoneos;
				SWIFT_ACTIVE_COMPILATION_CONDITIONS = DEBUG;
				SWIFT_OPTIMIZATION_LEVEL = "-Onone";
			};
			name = Debug;
		};
		0A7A68FD2551473200DD3BC9 /* Release */ = {
			isa = XCBuildConfiguration;
			buildSettings = {
				ALWAYS_SEARCH_USER_PATHS = NO;
				CLANG_ANALYZER_NONNULL = YES;
				CLANG_ANALYZER_NUMBER_OBJECT_CONVERSION = YES_AGGRESSIVE;
				CLANG_CXX_LANGUAGE_STANDARD = "gnu++14";
				CLANG_CXX_LIBRARY = "libc++";
				CLANG_ENABLE_MODULES = YES;
				CLANG_ENABLE_OBJC_ARC = YES;
				CLANG_ENABLE_OBJC_WEAK = YES;
				CLANG_WARN_BLOCK_CAPTURE_AUTORELEASING = YES;
				CLANG_WARN_BOOL_CONVERSION = YES;
				CLANG_WARN_COMMA = YES;
				CLANG_WARN_CONSTANT_CONVERSION = YES;
				CLANG_WARN_DEPRECATED_OBJC_IMPLEMENTATIONS = YES;
				CLANG_WARN_DIRECT_OBJC_ISA_USAGE = YES_ERROR;
				CLANG_WARN_DOCUMENTATION_COMMENTS = YES;
				CLANG_WARN_EMPTY_BODY = YES;
				CLANG_WARN_ENUM_CONVERSION = YES;
				CLANG_WARN_INFINITE_RECURSION = YES;
				CLANG_WARN_INT_CONVERSION = YES;
				CLANG_WARN_NON_LITERAL_NULL_CONVERSION = YES;
				CLANG_WARN_OBJC_IMPLICIT_RETAIN_SELF = YES;
				CLANG_WARN_OBJC_LITERAL_CONVERSION = YES;
				CLANG_WARN_OBJC_ROOT_CLASS = YES_ERROR;
				CLANG_WARN_QUOTED_INCLUDE_IN_FRAMEWORK_HEADER = YES;
				CLANG_WARN_RANGE_LOOP_ANALYSIS = YES;
				CLANG_WARN_STRICT_PROTOTYPES = YES;
				CLANG_WARN_SUSPICIOUS_MOVE = YES;
				CLANG_WARN_UNGUARDED_AVAILABILITY = YES_AGGRESSIVE;
				CLANG_WARN_UNREACHABLE_CODE = YES;
				CLANG_WARN__DUPLICATE_METHOD_MATCH = YES;
				COPY_PHASE_STRIP = NO;
				DEBUG_INFORMATION_FORMAT = "dwarf-with-dsym";
				ENABLE_NS_ASSERTIONS = NO;
				ENABLE_STRICT_OBJC_MSGSEND = YES;
				GCC_C_LANGUAGE_STANDARD = gnu11;
				GCC_NO_COMMON_BLOCKS = YES;
				GCC_WARN_64_TO_32_BIT_CONVERSION = YES;
				GCC_WARN_ABOUT_RETURN_TYPE = YES_ERROR;
				GCC_WARN_UNDECLARED_SELECTOR = YES;
				GCC_WARN_UNINITIALIZED_AUTOS = YES_AGGRESSIVE;
				GCC_WARN_UNUSED_FUNCTION = YES;
				GCC_WARN_UNUSED_VARIABLE = YES;
				IPHONEOS_DEPLOYMENT_TARGET = 14.0;
				MTL_ENABLE_DEBUG_INFO = NO;
				MTL_FAST_MATH = YES;
				SDKROOT = iphoneos;
				SWIFT_COMPILATION_MODE = wholemodule;
				SWIFT_OPTIMIZATION_LEVEL = "-O";
				VALIDATE_PRODUCT = YES;
			};
			name = Release;
		};
		0A7A68FF2551473200DD3BC9 /* Debug */ = {
			isa = XCBuildConfiguration;
			baseConfigurationReference = 886F3A895E37B8AD54838270 /* Pods-ikeeperApp.debug.xcconfig */;
			buildSettings = {
				ASSETCATALOG_COMPILER_APPICON_NAME = AppIcon;
				ASSETCATALOG_COMPILER_GLOBAL_ACCENT_COLOR_NAME = AccentColor;
				CODE_SIGN_STYLE = Automatic;
				INFOPLIST_FILE = ikeeperApp/Info.plist;
				LD_RUNPATH_SEARCH_PATHS = (
					"$(inherited)",
					"@executable_path/Frameworks",
				);
				PRODUCT_BUNDLE_IDENTIFIER = ikeeper.ikeeperApp;
				PRODUCT_NAME = "$(TARGET_NAME)";
				SWIFT_VERSION = 5.0;
				TARGETED_DEVICE_FAMILY = "1,2";
			};
			name = Debug;
		};
		0A7A69002551473200DD3BC9 /* Release */ = {
			isa = XCBuildConfiguration;
			baseConfigurationReference = 03D03C47217AB69227AB4B49 /* Pods-ikeeperApp.release.xcconfig */;
			buildSettings = {
				ASSETCATALOG_COMPILER_APPICON_NAME = AppIcon;
				ASSETCATALOG_COMPILER_GLOBAL_ACCENT_COLOR_NAME = AccentColor;
				CODE_SIGN_STYLE = Automatic;
				INFOPLIST_FILE = ikeeperApp/Info.plist;
				LD_RUNPATH_SEARCH_PATHS = (
					"$(inherited)",
					"@executable_path/Frameworks",
				);
				PRODUCT_BUNDLE_IDENTIFIER = ikeeper.ikeeperApp;
				PRODUCT_NAME = "$(TARGET_NAME)";
				SWIFT_VERSION = 5.0;
				TARGETED_DEVICE_FAMILY = "1,2";
			};
			name = Release;
		};
/* End XCBuildConfiguration section */

/* Begin XCConfigurationList section */
		0A7A68E52551473100DD3BC9 /* Build configuration list for PBXProject "ikeeperApp" */ = {
			isa = XCConfigurationList;
			buildConfigurations = (
				0A7A68FC2551473200DD3BC9 /* Debug */,
				0A7A68FD2551473200DD3BC9 /* Release */,
			);
			defaultConfigurationIsVisible = 0;
			defaultConfigurationName = Release;
		};
		0A7A68FE2551473200DD3BC9 /* Build configuration list for PBXNativeTarget "ikeeperApp" */ = {
			isa = XCConfigurationList;
			buildConfigurations = (
				0A7A68FF2551473200DD3BC9 /* Debug */,
				0A7A69002551473200DD3BC9 /* Release */,
			);
			defaultConfigurationIsVisible = 0;
			defaultConfigurationName = Release;
		};
/* End XCConfigurationList section */
	};
	rootObject = 0A7A68E22551473100DD3BC9 /* Project object */;
}
