PODS:
  - FSCalendar (2.8.1)
  - SideMenu (6.5.0)

DEPENDENCIES:
  - FSCalendar
  - SideMenu

SPEC REPOS:
  trunk:
    - FSCalendar
    - SideMenu

SPEC CHECKSUMS:
  FSCalendar: 5245140456fcbcac5824c203b98bd8068bdfee1a
  SideMenu: f583187d21c5b1dd04c72002be544b555a2627a2

PODFILE CHECKSUM: f5530c5ea3ea2e2dff7ec29f343602fee7132440

COCOAPODS: 1.10.0
